
Microsoft Visual Studio Solution File, Format Version 12.00
# Visual Studio Version 17
VisualStudioVersion = 17.0.31903.59
MinimumVisualStudioVersion = 10.0.40219.1
Project("{2150E333-8FDC-42A3-9474-1A3956D46DE8}") = "src", "src", "{827E0CD3-B72D-47B6-A68D-7590B98EB39B}"
EndProject
Project("{FAE04EC0-301F-11D3-BF4B-00C04F79EFBC}") = "OrderFlow.Orders.Api", "src\Orders\OrderFlow.Orders.Api\OrderFlow.Orders.Api.csproj", "{B52D21C9-7305-414E-B2E8-1A0153C0311F}"
EndProject
Project("{2150E333-8FDC-42A3-9474-1A3956D46DE8}") = "test", "test", "{0C88DD14-F956-CE84-757C-A364CCF449FC}"
EndProject
Project("{FAE04EC0-301F-11D3-BF4B-00C04F79EFBC}") = "OrderFlow.Inventory.Tests", "test\OrderFlow.Inventory.Tests\OrderFlow.Inventory.Tests.csproj", "{97D4FA79-5C9A-4BE8-A044-485E9447E6DA}"
EndProject
Project("{FAE04EC0-301F-11D3-BF4B-00C04F79EFBC}") = "OrderFlow.Orders.Tests", "test\OrderFlow.Orders.Tests\OrderFlow.Orders.Tests.csproj", "{3919EA96-B862-4BCE-A832-A14753B51128}"
EndProject
Project("{FAE04EC0-301F-11D3-BF4B-00C04F79EFBC}") = "OrderFlow.Payments.Tests", "test\OrderFlow.Payments.Tests\OrderFlow.Payments.Tests.csproj", "{860FA120-120E-4009-856E-47E3A0954432}"
EndProject
Project("{2150E333-8FDC-42A3-9474-1A3956D46DE8}") = "BuildingBlocks", "BuildingBlocks", "{90298CBA-BD6F-3A0A-69D5-97CAD7B05E7E}"
EndProject
Project("{FAE04EC0-301F-11D3-BF4B-00C04F79EFBC}") = "OrderFlow.Contracts", "src\BuildingBlocks\OrderFlow.Contracts\OrderFlow.Contracts.csproj", "{E77FF795-0F24-4991-890C-5B2E89C36922}"
EndProject
Project("{2150E333-8FDC-42A3-9474-1A3956D46DE8}") = "Inventory", "Inventory", "{6646DC9B-45F7-597F-FD98-DC7F277572B1}"
EndProject
Project("{FAE04EC0-301F-11D3-BF4B-00C04F79EFBC}") = "OrderFlow.Inventory.Api", "src\Inventory\OrderFlow.Inventory.Api\OrderFlow.Inventory.Api.csproj", "{309F8B7E-FC20-4EF2-8CEF-B28E08BD1918}"
EndProject
Project("{FAE04EC0-301F-11D3-BF4B-00C04F79EFBC}") = "OrderFlow.Inventory.Application", "src\Inventory\OrderFlow.Inventory.Application\OrderFlow.Inventory.Application.csproj", "{C65F6C03-9073-4B7F-A87B-427F71C4366A}"
EndProject
Project("{FAE04EC0-301F-11D3-BF4B-00C04F79EFBC}") = "OrderFlow.Inventory.Domain", "src\Inventory\OrderFlow.Inventory.Domain\OrderFlow.Inventory.Domain.csproj", "{CAFD936E-C357-4EF2-AD65-AD7E93ED7902}"
EndProject
Project("{FAE04EC0-301F-11D3-BF4B-00C04F79EFBC}") = "OrderFlow.Inventory.Infrastructure", "src\Inventory\OrderFlow.Inventory.Infrastructure\OrderFlow.Inventory.Infrastructure.csproj", "{B0B59506-18AD-4C68-992C-04DA161674D9}"
EndProject
Project("{2150E333-8FDC-42A3-9474-1A3956D46DE8}") = "Orders", "Orders", "{45BE73D8-A922-BF65-E93E-EB66F4095ABC}"
EndProject
Project("{FAE04EC0-301F-11D3-BF4B-00C04F79EFBC}") = "OrderFlow.Orders.Application", "src\Orders\OrderFlow.Orders.Application\OrderFlow.Orders.Application.csproj", "{D65BCF11-3365-4EF3-A1A0-098D31BDE7A9}"
EndProject
Project("{FAE04EC0-301F-11D3-BF4B-00C04F79EFBC}") = "OrderFlow.Orders.Domain", "src\Orders\OrderFlow.Orders.Domain\OrderFlow.Orders.Domain.csproj", "{E3718214-A60C-4CE2-B04E-D54E637B3817}"
EndProject
Project("{FAE04EC0-301F-11D3-BF4B-00C04F79EFBC}") = "OrderFlow.Orders.Infrastructure", "src\Orders\OrderFlow.Orders.Infrastructure\OrderFlow.Orders.Infrastructure.csproj", "{B5AE709B-76C3-421C-9E0E-6F0D55930E89}"
EndProject
Project("{2150E333-8FDC-42A3-9474-1A3956D46DE8}") = "Payments", "Payments", "{FF0E3929-CBDF-D101-A636-4697F11DEC78}"
EndProject
Project("{FAE04EC0-301F-11D3-BF4B-00C04F79EFBC}") = "OrderFlow.Payments.Api", "src\Payments\OrderFlow.Payments.Api\OrderFlow.Payments.Api.csproj", "{4B8ED85D-125D-46B1-A8AD-86F0CAA1B4E3}"
EndProject
Project("{FAE04EC0-301F-11D3-BF4B-00C04F79EFBC}") = "OrderFlow.Payments.Application", "src\Payments\OrderFlow.Payments.Application\OrderFlow.Payments.Application.csproj", "{74E805BA-C322-45A7-A0C3-AE331EA9C583}"
EndProject
Project("{FAE04EC0-301F-11D3-BF4B-00C04F79EFBC}") = "OrderFlow.Payments.Domain", "src\Payments\OrderFlow.Payments.Domain\OrderFlow.Payments.Domain.csproj", "{CBFD76C2-CA57-435D-B0F5-77925B964DA6}"
EndProject
Project("{FAE04EC0-301F-11D3-BF4B-00C04F79EFBC}") = "OrderFlow.Payments.Infrastructure", "src\Payments\OrderFlow.Payments.Infrastructure\OrderFlow.Payments.Infrastructure.csproj", "{02D80058-C372-4D69-9D7F-8911B5D9FC35}"
EndProject
Project("{FAE04EC0-301F-11D3-BF4B-00C04F79EFBC}") = "OrderFlow.Messaging", "src\BuildingBlocks\OrderFlow.Messaging\OrderFlow.Messaging.csproj", "{86FD8287-B81D-41C4-8CC1-3A74BB046393}"
EndProject
Project("{FAE04EC0-301F-11D3-BF4B-00C04F79EFBC}") = "OrderFlow.Blazor", "src\OrderFlow.Blazor\OrderFlow.Blazor.csproj", "{D140C463-9A7C-474B-B654-10C107D1E1FD}"
EndProject
Global
	GlobalSection(SolutionConfigurationPlatforms) = preSolution
		Debug|Any CPU = Debug|Any CPU
		Debug|x64 = Debug|x64
		Debug|x86 = Debug|x86
		Release|Any CPU = Release|Any CPU
		Release|x64 = Release|x64
		Release|x86 = Release|x86
	EndGlobalSection
	GlobalSection(ProjectConfigurationPlatforms) = postSolution
		{B52D21C9-7305-414E-B2E8-1A0153C0311F}.Debug|Any CPU.ActiveCfg = Debug|Any CPU
		{B52D21C9-7305-414E-B2E8-1A0153C0311F}.Debug|Any CPU.Build.0 = Debug|Any CPU
		{B52D21C9-7305-414E-B2E8-1A0153C0311F}.Debug|x64.ActiveCfg = Debug|Any CPU
		{B52D21C9-7305-414E-B2E8-1A0153C0311F}.Debug|x64.Build.0 = Debug|Any CPU
		{B52D21C9-7305-414E-B2E8-1A0153C0311F}.Debug|x86.ActiveCfg = Debug|Any CPU
		{B52D21C9-7305-414E-B2E8-1A0153C0311F}.Debug|x86.Build.0 = Debug|Any CPU
		{B52D21C9-7305-414E-B2E8-1A0153C0311F}.Release|Any CPU.ActiveCfg = Release|Any CPU
		{B52D21C9-7305-414E-B2E8-1A0153C0311F}.Release|Any CPU.Build.0 = Release|Any CPU
		{B52D21C9-7305-414E-B2E8-1A0153C0311F}.Release|x64.ActiveCfg = Release|Any CPU
		{B52D21C9-7305-414E-B2E8-1A0153C0311F}.Release|x64.Build.0 = Release|Any CPU
		{B52D21C9-7305-414E-B2E8-1A0153C0311F}.Release|x86.ActiveCfg = Release|Any CPU
		{B52D21C9-7305-414E-B2E8-1A0153C0311F}.Release|x86.Build.0 = Release|Any CPU
		{97D4FA79-5C9A-4BE8-A044-485E9447E6DA}.Debug|Any CPU.ActiveCfg = Debug|Any CPU
		{97D4FA79-5C9A-4BE8-A044-485E9447E6DA}.Debug|Any CPU.Build.0 = Debug|Any CPU
		{97D4FA79-5C9A-4BE8-A044-485E9447E6DA}.Debug|x64.ActiveCfg = Debug|Any CPU
		{97D4FA79-5C9A-4BE8-A044-485E9447E6DA}.Debug|x64.Build.0 = Debug|Any CPU
		{97D4FA79-5C9A-4BE8-A044-485E9447E6DA}.Debug|x86.ActiveCfg = Debug|Any CPU
		{97D4FA79-5C9A-4BE8-A044-485E9447E6DA}.Debug|x86.Build.0 = Debug|Any CPU
		{97D4FA79-5C9A-4BE8-A044-485E9447E6DA}.Release|Any CPU.ActiveCfg = Release|Any CPU
		{97D4FA79-5C9A-4BE8-A044-485E9447E6DA}.Release|Any CPU.Build.0 = Release|Any CPU
		{97D4FA79-5C9A-4BE8-A044-485E9447E6DA}.Release|x64.ActiveCfg = Release|Any CPU
		{97D4FA79-5C9A-4BE8-A044-485E9447E6DA}.Release|x64.Build.0 = Release|Any CPU
		{97D4FA79-5C9A-4BE8-A044-485E9447E6DA}.Release|x86.ActiveCfg = Release|Any CPU
		{97D4FA79-5C9A-4BE8-A044-485E9447E6DA}.Release|x86.Build.0 = Release|Any CPU
		{3919EA96-B862-4BCE-A832-A14753B51128}.Debug|Any CPU.ActiveCfg = Debug|Any CPU
		{3919EA96-B862-4BCE-A832-A14753B51128}.Debug|Any CPU.Build.0 = Debug|Any CPU
		{3919EA96-B862-4BCE-A832-A14753B51128}.Debug|x64.ActiveCfg = Debug|Any CPU
		{3919EA96-B862-4BCE-A832-A14753B51128}.Debug|x64.Build.0 = Debug|Any CPU
		{3919EA96-B862-4BCE-A832-A14753B51128}.Debug|x86.ActiveCfg = Debug|Any CPU
		{3919EA96-B862-4BCE-A832-A14753B51128}.Debug|x86.Build.0 = Debug|Any CPU
		{3919EA96-B862-4BCE-A832-A14753B51128}.Release|Any CPU.ActiveCfg = Release|Any CPU
		{3919EA96-B862-4BCE-A832-A14753B51128}.Release|Any CPU.Build.0 = Release|Any CPU
		{3919EA96-B862-4BCE-A832-A14753B51128}.Release|x64.ActiveCfg = Release|Any CPU
		{3919EA96-B862-4BCE-A832-A14753B51128}.Release|x64.Build.0 = Release|Any CPU
		{3919EA96-B862-4BCE-A832-A14753B51128}.Release|x86.ActiveCfg = Release|Any CPU
		{3919EA96-B862-4BCE-A832-A14753B51128}.Release|x86.Build.0 = Release|Any CPU
		{860FA120-120E-4009-856E-47E3A0954432}.Debug|Any CPU.ActiveCfg = Debug|Any CPU
		{860FA120-120E-4009-856E-47E3A0954432}.Debug|Any CPU.Build.0 = Debug|Any CPU
		{860FA120-120E-4009-856E-47E3A0954432}.Debug|x64.ActiveCfg = Debug|Any CPU
		{860FA120-120E-4009-856E-47E3A0954432}.Debug|x64.Build.0 = Debug|Any CPU
		{860FA120-120E-4009-856E-47E3A0954432}.Debug|x86.ActiveCfg = Debug|Any CPU
		{860FA120-120E-4009-856E-47E3A0954432}.Debug|x86.Build.0 = Debug|Any CPU
		{860FA120-120E-4009-856E-47E3A0954432}.Release|Any CPU.ActiveCfg = Release|Any CPU
		{860FA120-120E-4009-856E-47E3A0954432}.Release|Any CPU.Build.0 = Release|Any CPU
		{860FA120-120E-4009-856E-47E3A0954432}.Release|x64.ActiveCfg = Release|Any CPU
		{860FA120-120E-4009-856E-47E3A0954432}.Release|x64.Build.0 = Release|Any CPU
		{860FA120-120E-4009-856E-47E3A0954432}.Release|x86.ActiveCfg = Release|Any CPU
		{860FA120-120E-4009-856E-47E3A0954432}.Release|x86.Build.0 = Release|Any CPU
		{E77FF795-0F24-4991-890C-5B2E89C36922}.Debug|Any CPU.ActiveCfg = Debug|Any CPU
		{E77FF795-0F24-4991-890C-5B2E89C36922}.Debug|Any CPU.Build.0 = Debug|Any CPU
		{E77FF795-0F24-4991-890C-5B2E89C36922}.Debug|x64.ActiveCfg = Debug|Any CPU
		{E77FF795-0F24-4991-890C-5B2E89C36922}.Debug|x64.Build.0 = Debug|Any CPU
		{E77FF795-0F24-4991-890C-5B2E89C36922}.Debug|x86.ActiveCfg = Debug|Any CPU
		{E77FF795-0F24-4991-890C-5B2E89C36922}.Debug|x86.Build.0 = Debug|Any CPU
		{E77FF795-0F24-4991-890C-5B2E89C36922}.Release|Any CPU.ActiveCfg = Release|Any CPU
		{E77FF795-0F24-4991-890C-5B2E89C36922}.Release|Any CPU.Build.0 = Release|Any CPU
		{E77FF795-0F24-4991-890C-5B2E89C36922}.Release|x64.ActiveCfg = Release|Any CPU
		{E77FF795-0F24-4991-890C-5B2E89C36922}.Release|x64.Build.0 = Release|Any CPU
		{E77FF795-0F24-4991-890C-5B2E89C36922}.Release|x86.ActiveCfg = Release|Any CPU
		{E77FF795-0F24-4991-890C-5B2E89C36922}.Release|x86.Build.0 = Release|Any CPU
		{309F8B7E-FC20-4EF2-8CEF-B28E08BD1918}.Debug|Any CPU.ActiveCfg = Debug|Any CPU
		{309F8B7E-FC20-4EF2-8CEF-B28E08BD1918}.Debug|Any CPU.Build.0 = Debug|Any CPU
		{309F8B7E-FC20-4EF2-8CEF-B28E08BD1918}.Debug|x64.ActiveCfg = Debug|Any CPU
		{309F8B7E-FC20-4EF2-8CEF-B28E08BD1918}.Debug|x64.Build.0 = Debug|Any CPU
		{309F8B7E-FC20-4EF2-8CEF-B28E08BD1918}.Debug|x86.ActiveCfg = Debug|Any CPU
		{309F8B7E-FC20-4EF2-8CEF-B28E08BD1918}.Debug|x86.Build.0 = Debug|Any CPU
		{309F8B7E-FC20-4EF2-8CEF-B28E08BD1918}.Release|Any CPU.ActiveCfg = Release|Any CPU
		{309F8B7E-FC20-4EF2-8CEF-B28E08BD1918}.Release|Any CPU.Build.0 = Release|Any CPU
		{309F8B7E-FC20-4EF2-8CEF-B28E08BD1918}.Release|x64.ActiveCfg = Release|Any CPU
		{309F8B7E-FC20-4EF2-8CEF-B28E08BD1918}.Release|x64.Build.0 = Release|Any CPU
		{309F8B7E-FC20-4EF2-8CEF-B28E08BD1918}.Release|x86.ActiveCfg = Release|Any CPU
		{309F8B7E-FC20-4EF2-8CEF-B28E08BD1918}.Release|x86.Build.0 = Release|Any CPU
		{C65F6C03-9073-4B7F-A87B-427F71C4366A}.Debug|Any CPU.ActiveCfg = Debug|Any CPU
		{C65F6C03-9073-4B7F-A87B-427F71C4366A}.Debug|Any CPU.Build.0 = Debug|Any CPU
		{C65F6C03-9073-4B7F-A87B-427F71C4366A}.Debug|x64.ActiveCfg = Debug|Any CPU
		{C65F6C03-9073-4B7F-A87B-427F71C4366A}.Debug|x64.Build.0 = Debug|Any CPU
		{C65F6C03-9073-4B7F-A87B-427F71C4366A}.Debug|x86.ActiveCfg = Debug|Any CPU
		{C65F6C03-9073-4B7F-A87B-427F71C4366A}.Debug|x86.Build.0 = Debug|Any CPU
		{C65F6C03-9073-4B7F-A87B-427F71C4366A}.Release|Any CPU.ActiveCfg = Release|Any CPU
		{C65F6C03-9073-4B7F-A87B-427F71C4366A}.Release|Any CPU.Build.0 = Release|Any CPU
		{C65F6C03-9073-4B7F-A87B-427F71C4366A}.Release|x64.ActiveCfg = Release|Any CPU
		{C65F6C03-9073-4B7F-A87B-427F71C4366A}.Release|x64.Build.0 = Release|Any CPU
		{C65F6C03-9073-4B7F-A87B-427F71C4366A}.Release|x86.ActiveCfg = Release|Any CPU
		{C65F6C03-9073-4B7F-A87B-427F71C4366A}.Release|x86.Build.0 = Release|Any CPU
		{CAFD936E-C357-4EF2-AD65-AD7E93ED7902}.Debug|Any CPU.ActiveCfg = Debug|Any CPU
		{CAFD936E-C357-4EF2-AD65-AD7E93ED7902}.Debug|Any CPU.Build.0 = Debug|Any CPU
		{CAFD936E-C357-4EF2-AD65-AD7E93ED7902}.Debug|x64.ActiveCfg = Debug|Any CPU
		{CAFD936E-C357-4EF2-AD65-AD7E93ED7902}.Debug|x64.Build.0 = Debug|Any CPU
		{CAFD936E-C357-4EF2-AD65-AD7E93ED7902}.Debug|x86.ActiveCfg = Debug|Any CPU
		{CAFD936E-C357-4EF2-AD65-AD7E93ED7902}.Debug|x86.Build.0 = Debug|Any CPU
		{CAFD936E-C357-4EF2-AD65-AD7E93ED7902}.Release|Any CPU.ActiveCfg = Release|Any CPU
		{CAFD936E-C357-4EF2-AD65-AD7E93ED7902}.Release|Any CPU.Build.0 = Release|Any CPU
		{CAFD936E-C357-4EF2-AD65-AD7E93ED7902}.Release|x64.ActiveCfg = Release|Any CPU
		{CAFD936E-C357-4EF2-AD65-AD7E93ED7902}.Release|x64.Build.0 = Release|Any CPU
		{CAFD936E-C357-4EF2-AD65-AD7E93ED7902}.Release|x86.ActiveCfg = Release|Any CPU
		{CAFD936E-C357-4EF2-AD65-AD7E93ED7902}.Release|x86.Build.0 = Release|Any CPU
		{B0B59506-18AD-4C68-992C-04DA161674D9}.Debug|Any CPU.ActiveCfg = Debug|Any CPU
		{B0B59506-18AD-4C68-992C-04DA161674D9}.Debug|Any CPU.Build.0 = Debug|Any CPU
		{B0B59506-18AD-4C68-992C-04DA161674D9}.Debug|x64.ActiveCfg = Debug|Any CPU
		{B0B59506-18AD-4C68-992C-04DA161674D9}.Debug|x64.Build.0 = Debug|Any CPU
		{B0B59506-18AD-4C68-992C-04DA161674D9}.Debug|x86.ActiveCfg = Debug|Any CPU
		{B0B59506-18AD-4C68-992C-04DA161674D9}.Debug|x86.Build.0 = Debug|Any CPU
		{B0B59506-18AD-4C68-992C-04DA161674D9}.Release|Any CPU.ActiveCfg = Release|Any CPU
		{B0B59506-18AD-4C68-992C-04DA161674D9}.Release|Any CPU.Build.0 = Release|Any CPU
		{B0B59506-18AD-4C68-992C-04DA161674D9}.Release|x64.ActiveCfg = Release|Any CPU
		{B0B59506-18AD-4C68-992C-04DA161674D9}.Release|x64.Build.0 = Release|Any CPU
		{B0B59506-18AD-4C68-992C-04DA161674D9}.Release|x86.ActiveCfg = Release|Any CPU
		{B0B59506-18AD-4C68-992C-04DA161674D9}.Release|x86.Build.0 = Release|Any CPU
		{D65BCF11-3365-4EF3-A1A0-098D31BDE7A9}.Debug|Any CPU.ActiveCfg = Debug|Any CPU
		{D65BCF11-3365-4EF3-A1A0-098D31BDE7A9}.Debug|Any CPU.Build.0 = Debug|Any CPU
		{D65BCF11-3365-4EF3-A1A0-098D31BDE7A9}.Debug|x64.ActiveCfg = Debug|Any CPU
		{D65BCF11-3365-4EF3-A1A0-098D31BDE7A9}.Debug|x64.Build.0 = Debug|Any CPU
		{D65BCF11-3365-4EF3-A1A0-098D31BDE7A9}.Debug|x86.ActiveCfg = Debug|Any CPU
		{D65BCF11-3365-4EF3-A1A0-098D31BDE7A9}.Debug|x86.Build.0 = Debug|Any CPU
		{D65BCF11-3365-4EF3-A1A0-098D31BDE7A9}.Release|Any CPU.ActiveCfg = Release|Any CPU
		{D65BCF11-3365-4EF3-A1A0-098D31BDE7A9}.Release|Any CPU.Build.0 = Release|Any CPU
		{D65BCF11-3365-4EF3-A1A0-098D31BDE7A9}.Release|x64.ActiveCfg = Release|Any CPU
		{D65BCF11-3365-4EF3-A1A0-098D31BDE7A9}.Release|x64.Build.0 = Release|Any CPU
		{D65BCF11-3365-4EF3-A1A0-098D31BDE7A9}.Release|x86.ActiveCfg = Release|Any CPU
		{D65BCF11-3365-4EF3-A1A0-098D31BDE7A9}.Release|x86.Build.0 = Release|Any CPU
		{E3718214-A60C-4CE2-B04E-D54E637B3817}.Debug|Any CPU.ActiveCfg = Debug|Any CPU
		{E3718214-A60C-4CE2-B04E-D54E637B3817}.Debug|Any CPU.Build.0 = Debug|Any CPU
		{E3718214-A60C-4CE2-B04E-D54E637B3817}.Debug|x64.ActiveCfg = Debug|Any CPU
		{E3718214-A60C-4CE2-B04E-D54E637B3817}.Debug|x64.Build.0 = Debug|Any CPU
		{E3718214-A60C-4CE2-B04E-D54E637B3817}.Debug|x86.ActiveCfg = Debug|Any CPU
		{E3718214-A60C-4CE2-B04E-D54E637B3817}.Debug|x86.Build.0 = Debug|Any CPU
		{E3718214-A60C-4CE2-B04E-D54E637B3817}.Release|Any CPU.ActiveCfg = Release|Any CPU
		{E3718214-A60C-4CE2-B04E-D54E637B3817}.Release|Any CPU.Build.0 = Release|Any CPU
		{E3718214-A60C-4CE2-B04E-D54E637B3817}.Release|x64.ActiveCfg = Release|Any CPU
		{E3718214-A60C-4CE2-B04E-D54E637B3817}.Release|x64.Build.0 = Release|Any CPU
		{E3718214-A60C-4CE2-B04E-D54E637B3817}.Release|x86.ActiveCfg = Release|Any CPU
		{E3718214-A60C-4CE2-B04E-D54E637B3817}.Release|x86.Build.0 = Release|Any CPU
		{B5AE709B-76C3-421C-9E0E-6F0D55930E89}.Debug|Any CPU.ActiveCfg = Debug|Any CPU
		{B5AE709B-76C3-421C-9E0E-6F0D55930E89}.Debug|Any CPU.Build.0 = Debug|Any CPU
		{B5AE709B-76C3-421C-9E0E-6F0D55930E89}.Debug|x64.ActiveCfg = Debug|Any CPU
		{B5AE709B-76C3-421C-9E0E-6F0D55930E89}.Debug|x64.Build.0 = Debug|Any CPU
		{B5AE709B-76C3-421C-9E0E-6F0D55930E89}.Debug|x86.ActiveCfg = Debug|Any CPU
		{B5AE709B-76C3-421C-9E0E-6F0D55930E89}.Debug|x86.Build.0 = Debug|Any CPU
		{B5AE709B-76C3-421C-9E0E-6F0D55930E89}.Release|Any CPU.ActiveCfg = Release|Any CPU
		{B5AE709B-76C3-421C-9E0E-6F0D55930E89}.Release|Any CPU.Build.0 = Release|Any CPU
		{B5AE709B-76C3-421C-9E0E-6F0D55930E89}.Release|x64.ActiveCfg = Release|Any CPU
		{B5AE709B-76C3-421C-9E0E-6F0D55930E89}.Release|x64.Build.0 = Release|Any CPU
		{B5AE709B-76C3-421C-9E0E-6F0D55930E89}.Release|x86.ActiveCfg = Release|Any CPU
		{B5AE709B-76C3-421C-9E0E-6F0D55930E89}.Release|x86.Build.0 = Release|Any CPU
		{4B8ED85D-125D-46B1-A8AD-86F0CAA1B4E3}.Debug|Any CPU.ActiveCfg = Debug|Any CPU
		{4B8ED85D-125D-46B1-A8AD-86F0CAA1B4E3}.Debug|Any CPU.Build.0 = Debug|Any CPU
		{4B8ED85D-125D-46B1-A8AD-86F0CAA1B4E3}.Debug|x64.ActiveCfg = Debug|Any CPU
		{4B8ED85D-125D-46B1-A8AD-86F0CAA1B4E3}.Debug|x64.Build.0 = Debug|Any CPU
		{4B8ED85D-125D-46B1-A8AD-86F0CAA1B4E3}.Debug|x86.ActiveCfg = Debug|Any CPU
		{4B8ED85D-125D-46B1-A8AD-86F0CAA1B4E3}.Debug|x86.Build.0 = Debug|Any CPU
		{4B8ED85D-125D-46B1-A8AD-86F0CAA1B4E3}.Release|Any CPU.ActiveCfg = Release|Any CPU
		{4B8ED85D-125D-46B1-A8AD-86F0CAA1B4E3}.Release|Any CPU.Build.0 = Release|Any CPU
		{4B8ED85D-125D-46B1-A8AD-86F0CAA1B4E3}.Release|x64.ActiveCfg = Release|Any CPU
		{4B8ED85D-125D-46B1-A8AD-86F0CAA1B4E3}.Release|x64.Build.0 = Release|Any CPU
		{4B8ED85D-125D-46B1-A8AD-86F0CAA1B4E3}.Release|x86.ActiveCfg = Release|Any CPU
		{4B8ED85D-125D-46B1-A8AD-86F0CAA1B4E3}.Release|x86.Build.0 = Release|Any CPU
		{74E805BA-C322-45A7-A0C3-AE331EA9C583}.Debug|Any CPU.ActiveCfg = Debug|Any CPU
		{74E805BA-C322-45A7-A0C3-AE331EA9C583}.Debug|Any CPU.Build.0 = Debug|Any CPU
		{74E805BA-C322-45A7-A0C3-AE331EA9C583}.Debug|x64.ActiveCfg = Debug|Any CPU
		{74E805BA-C322-45A7-A0C3-AE331EA9C583}.Debug|x64.Build.0 = Debug|Any CPU
		{74E805BA-C322-45A7-A0C3-AE331EA9C583}.Debug|x86.ActiveCfg = Debug|Any CPU
		{74E805BA-C322-45A7-A0C3-AE331EA9C583}.Debug|x86.Build.0 = Debug|Any CPU
		{74E805BA-C322-45A7-A0C3-AE331EA9C583}.Release|Any CPU.ActiveCfg = Release|Any CPU
		{74E805BA-C322-45A7-A0C3-AE331EA9C583}.Release|Any CPU.Build.0 = Release|Any CPU
		{74E805BA-C322-45A7-A0C3-AE331EA9C583}.Release|x64.ActiveCfg = Release|Any CPU
		{74E805BA-C322-45A7-A0C3-AE331EA9C583}.Release|x64.Build.0 = Release|Any CPU
		{74E805BA-C322-45A7-A0C3-AE331EA9C583}.Release|x86.ActiveCfg = Release|Any CPU
		{74E805BA-C322-45A7-A0C3-AE331EA9C583}.Release|x86.Build.0 = Release|Any CPU
		{CBFD76C2-CA57-435D-B0F5-77925B964DA6}.Debug|Any CPU.ActiveCfg = Debug|Any CPU
		{CBFD76C2-CA57-435D-B0F5-77925B964DA6}.Debug|Any CPU.Build.0 = Debug|Any CPU
		{CBFD76C2-CA57-435D-B0F5-77925B964DA6}.Debug|x64.ActiveCfg = Debug|Any CPU
		{CBFD76C2-CA57-435D-B0F5-77925B964DA6}.Debug|x64.Build.0 = Debug|Any CPU
		{CBFD76C2-CA57-435D-B0F5-77925B964DA6}.Debug|x86.ActiveCfg = Debug|Any CPU
		{CBFD76C2-CA57-435D-B0F5-77925B964DA6}.Debug|x86.Build.0 = Debug|Any CPU
		{CBFD76C2-CA57-435D-B0F5-77925B964DA6}.Release|Any CPU.ActiveCfg = Release|Any CPU
		{CBFD76C2-CA57-435D-B0F5-77925B964DA6}.Release|Any CPU.Build.0 = Release|Any CPU
		{CBFD76C2-CA57-435D-B0F5-77925B964DA6}.Release|x64.ActiveCfg = Release|Any CPU
		{CBFD76C2-CA57-435D-B0F5-77925B964DA6}.Release|x64.Build.0 = Release|Any CPU
		{CBFD76C2-CA57-435D-B0F5-77925B964DA6}.Release|x86.ActiveCfg = Release|Any CPU
		{CBFD76C2-CA57-435D-B0F5-77925B964DA6}.Release|x86.Build.0 = Release|Any CPU
		{02D80058-C372-4D69-9D7F-8911B5D9FC35}.Debug|Any CPU.ActiveCfg = Debug|Any CPU
		{02D80058-C372-4D69-9D7F-8911B5D9FC35}.Debug|Any CPU.Build.0 = Debug|Any CPU
		{02D80058-C372-4D69-9D7F-8911B5D9FC35}.Debug|x64.ActiveCfg = Debug|Any CPU
		{02D80058-C372-4D69-9D7F-8911B5D9FC35}.Debug|x64.Build.0 = Debug|Any CPU
		{02D80058-C372-4D69-9D7F-8911B5D9FC35}.Debug|x86.ActiveCfg = Debug|Any CPU
		{02D80058-C372-4D69-9D7F-8911B5D9FC35}.Debug|x86.Build.0 = Debug|Any CPU
		{02D80058-C372-4D69-9D7F-8911B5D9FC35}.Release|Any CPU.ActiveCfg = Release|Any CPU
		{02D80058-C372-4D69-9D7F-8911B5D9FC35}.Release|Any CPU.Build.0 = Release|Any CPU
		{02D80058-C372-4D69-9D7F-8911B5D9FC35}.Release|x64.ActiveCfg = Release|Any CPU
		{02D80058-C372-4D69-9D7F-8911B5D9FC35}.Release|x64.Build.0 = Release|Any CPU
		{02D80058-C372-4D69-9D7F-8911B5D9FC35}.Release|x86.ActiveCfg = Release|Any CPU
		{02D80058-C372-4D69-9D7F-8911B5D9FC35}.Release|x86.Build.0 = Release|Any CPU
		{86FD8287-B81D-41C4-8CC1-3A74BB046393}.Debug|Any CPU.ActiveCfg = Debug|Any CPU
		{86FD8287-B81D-41C4-8CC1-3A74BB046393}.Debug|Any CPU.Build.0 = Debug|Any CPU
		{86FD8287-B81D-41C4-8CC1-3A74BB046393}.Debug|x64.ActiveCfg = Debug|Any CPU
		{86FD8287-B81D-41C4-8CC1-3A74BB046393}.Debug|x64.Build.0 = Debug|Any CPU
		{86FD8287-B81D-41C4-8CC1-3A74BB046393}.Debug|x86.ActiveCfg = Debug|Any CPU
		{86FD8287-B81D-41C4-8CC1-3A74BB046393}.Debug|x86.Build.0 = Debug|Any CPU
		{86FD8287-B81D-41C4-8CC1-3A74BB046393}.Release|Any CPU.ActiveCfg = Release|Any CPU
		{86FD8287-B81D-41C4-8CC1-3A74BB046393}.Release|Any CPU.Build.0 = Release|Any CPU
		{86FD8287-B81D-41C4-8CC1-3A74BB046393}.Release|x64.ActiveCfg = Release|Any CPU
		{86FD8287-B81D-41C4-8CC1-3A74BB046393}.Release|x64.Build.0 = Release|Any CPU
		{86FD8287-B81D-41C4-8CC1-3A74BB046393}.Release|x86.ActiveCfg = Release|Any CPU
		{86FD8287-B81D-41C4-8CC1-3A74BB046393}.Release|x86.Build.0 = Release|Any CPU
		{D140C463-9A7C-474B-B654-10C107D1E1FD}.Debug|Any CPU.ActiveCfg = Debug|Any CPU
		{D140C463-9A7C-474B-B654-10C107D1E1FD}.Debug|Any CPU.Build.0 = Debug|Any CPU
		{D140C463-9A7C-474B-B654-10C107D1E1FD}.Debug|x64.ActiveCfg = Debug|Any CPU
		{D140C463-9A7C-474B-B654-10C107D1E1FD}.Debug|x64.Build.0 = Debug|Any CPU
		{D140C463-9A7C-474B-B654-10C107D1E1FD}.Debug|x86.ActiveCfg = Debug|Any CPU
		{D140C463-9A7C-474B-B654-10C107D1E1FD}.Debug|x86.Build.0 = Debug|Any CPU
		{D140C463-9A7C-474B-B654-10C107D1E1FD}.Release|Any CPU.ActiveCfg = Release|Any CPU
		{D140C463-9A7C-474B-B654-10C107D1E1FD}.Release|Any CPU.Build.0 = Release|Any CPU
		{D140C463-9A7C-474B-B654-10C107D1E1FD}.Release|x64.ActiveCfg = Release|Any CPU
		{D140C463-9A7C-474B-B654-10C107D1E1FD}.Release|x64.Build.0 = Release|Any CPU
		{D140C463-9A7C-474B-B654-10C107D1E1FD}.Release|x86.ActiveCfg = Release|Any CPU
		{D140C463-9A7C-474B-B654-10C107D1E1FD}.Release|x86.Build.0 = Release|Any CPU
	EndGlobalSection
	GlobalSection(SolutionProperties) = preSolution
		HideSolutionNode = FALSE
	EndGlobalSection
	GlobalSection(NestedProjects) = preSolution
		{B52D21C9-7305-414E-B2E8-1A0153C0311F} = {827E0CD3-B72D-47B6-A68D-7590B98EB39B}
		{97D4FA79-5C9A-4BE8-A044-485E9447E6DA} = {0C88DD14-F956-CE84-757C-A364CCF449FC}
		{3919EA96-B862-4BCE-A832-A14753B51128} = {0C88DD14-F956-CE84-757C-A364CCF449FC}
		{860FA120-120E-4009-856E-47E3A0954432} = {0C88DD14-F956-CE84-757C-A364CCF449FC}
		{90298CBA-BD6F-3A0A-69D5-97CAD7B05E7E} = {827E0CD3-B72D-47B6-A68D-7590B98EB39B}
		{E77FF795-0F24-4991-890C-5B2E89C36922} = {90298CBA-BD6F-3A0A-69D5-97CAD7B05E7E}
		{6646DC9B-45F7-597F-FD98-DC7F277572B1} = {827E0CD3-B72D-47B6-A68D-7590B98EB39B}
		{309F8B7E-FC20-4EF2-8CEF-B28E08BD1918} = {6646DC9B-45F7-597F-FD98-DC7F277572B1}
		{C65F6C03-9073-4B7F-A87B-427F71C4366A} = {6646DC9B-45F7-597F-FD98-DC7F277572B1}
		{CAFD936E-C357-4EF2-AD65-AD7E93ED7902} = {6646DC9B-45F7-597F-FD98-DC7F277572B1}
		{B0B59506-18AD-4C68-992C-04DA161674D9} = {6646DC9B-45F7-597F-FD98-DC7F277572B1}
		{45BE73D8-A922-BF65-E93E-EB66F4095ABC} = {827E0CD3-B72D-47B6-A68D-7590B98EB39B}
		{D65BCF11-3365-4EF3-A1A0-098D31BDE7A9} = {45BE73D8-A922-BF65-E93E-EB66F4095ABC}
		{E3718214-A60C-4CE2-B04E-D54E637B3817} = {45BE73D8-A922-BF65-E93E-EB66F4095ABC}
		{B5AE709B-76C3-421C-9E0E-6F0D55930E89} = {45BE73D8-A922-BF65-E93E-EB66F4095ABC}
		{FF0E3929-CBDF-D101-A636-4697F11DEC78} = {827E0CD3-B72D-47B6-A68D-7590B98EB39B}
		{4B8ED85D-125D-46B1-A8AD-86F0CAA1B4E3} = {FF0E3929-CBDF-D101-A636-4697F11DEC78}
		{74E805BA-C322-45A7-A0C3-AE331EA9C583} = {FF0E3929-CBDF-D101-A636-4697F11DEC78}
		{CBFD76C2-CA57-435D-B0F5-77925B964DA6} = {FF0E3929-CBDF-D101-A636-4697F11DEC78}
		{02D80058-C372-4D69-9D7F-8911B5D9FC35} = {FF0E3929-CBDF-D101-A636-4697F11DEC78}
		{86FD8287-B81D-41C4-8CC1-3A74BB046393} = {90298CBA-BD6F-3A0A-69D5-97CAD7B05E7E}
		{D140C463-9A7C-474B-B654-10C107D1E1FD} = {827E0CD3-B72D-47B6-A68D-7590B98EB39B}
	EndGlobalSection
EndGlobal
